// !$*UTF8*$!
{
	archiveVersion = 1;
	classes = {
	};
	objectVersion = 46;
	objects = {

/* Begin PBXBuildFile section */
		1AAB475F1B4470C30089E693 /* AppDelegate.swift in Sources */ = {isa = PBXBuildFile; fileRef = 1AAB475E1B4470C30089E693 /* AppDelegate.swift */; };
		1AAB47641B4470C30089E693 /* Main.storyboard in Resources */ = {isa = PBXBuildFile; fileRef = 1AAB47621B4470C30089E693 /* Main.storyboard */; };
		1AAB47661B4470C30089E693 /* Images.xcassets in Resources */ = {isa = PBXBuildFile; fileRef = 1AAB47651B4470C30089E693 /* Images.xcassets */; };
		1AAB47691B4470C30089E693 /* LaunchScreen.xib in Resources */ = {isa = PBXBuildFile; fileRef = 1AAB47671B4470C30089E693 /* LaunchScreen.xib */; };
		1AAB47751B4470C30089E693 /* DropInFlowLayoutTests.swift in Sources */ = {isa = PBXBuildFile; fileRef = 1AAB47741B4470C30089E693 /* DropInFlowLayoutTests.swift */; };
		1AAB477F1B4470EF0089E693 /* DropInFlowLayout.swift in Sources */ = {isa = PBXBuildFile; fileRef = 1AAB477E1B4470EF0089E693 /* DropInFlowLayout.swift */; };
		1AAB47811B4471030089E693 /* StoreViewController.swift in Sources */ = {isa = PBXBuildFile; fileRef = 1AAB47801B4471030089E693 /* StoreViewController.swift */; };
		1AAB47831B44714F0089E693 /* StoreCell.xib in Resources */ = {isa = PBXBuildFile; fileRef = 1AAB47821B44714F0089E693 /* StoreCell.xib */; };
		1AAB47851B4471F40089E693 /* StoreCell.swift in Sources */ = {isa = PBXBuildFile; fileRef = 1AAB47841B4471F40089E693 /* StoreCell.swift */; };
/* End PBXBuildFile section */

/* Begin PBXContainerItemProxy section */
		1AAB476F1B4470C30089E693 /* PBXContainerItemProxy */ = {
			isa = PBXContainerItemProxy;
			containerPortal = 1AAB47511B4470C30089E693 /* Project object */;
			proxyType = 1;
			remoteGlobalIDString = 1AAB47581B4470C30089E693;
			remoteInfo = DropInFlowLayout;
		};
/* End PBXContainerItemProxy section */

/* Begin PBXFileReference section */
		1AAB47591B4470C30089E693 /* DropInFlowLayout.app */ = {isa = PBXFileReference; explicitFileType = wrapper.application; includeInIndex = 0; path = DropInFlowLayout.app; sourceTree = BUILT_PRODUCTS_DIR; };
		1AAB475D1B4470C30089E693 /* Info.plist */ = {isa = PBXFileReference; lastKnownFileType = text.plist.xml; path = Info.plist; sourceTree = "<group>"; };
		1AAB475E1B4470C30089E693 /* AppDelegate.swift */ = {isa = PBXFileReference; lastKnownFileType = sourcecode.swift; path = AppDelegate.swift; sourceTree = "<group>"; };
		1AAB47631B4470C30089E693 /* Base */ = {isa = PBXFileReference; lastKnownFileType = file.storyboard; name = Base; path = Base.lproj/Main.storyboard; sourceTree = "<group>"; };
		1AAB47651B4470C30089E693 /* Images.xcassets */ = {isa = PBXFileReference; lastKnownFileType = folder.assetcatalog; path = Images.xcassets; sourceTree = "<group>"; };
		1AAB47681B4470C30089E693 /* Base */ = {isa = PBXFileReference; lastKnownFileType = file.xib; name = Base; path = Base.lproj/LaunchScreen.xib; sourceTree = "<group>"; };
		1AAB476E1B4470C30089E693 /* DropInFlowLayoutTests.xctest */ = {isa = PBXFileReference; explicitFileType = wrapper.cfbundle; includeInIndex = 0; path = DropInFlowLayoutTests.xctest; sourceTree = BUILT_PRODUCTS_DIR; };
		1AAB47731B4470C30089E693 /* Info.plist */ = {isa = PBXFileReference; lastKnownFileType = text.plist.xml; path = Info.plist; sourceTree = "<group>"; };
		1AAB47741B4470C30089E693 /* DropInFlowLayoutTests.swift */ = {isa = PBXFileReference; lastKnownFileType = sourcecode.swift; path = DropInFlowLayoutTests.swift; sourceTree = "<group>"; };
		1AAB477E1B4470EF0089E693 /* DropInFlowLayout.swift */ = {isa = PBXFileReference; fileEncoding = 4; lastKnownFileType = sourcecode.swift; path = DropInFlowLayout.swift; sourceTree = "<group>"; };
		1AAB47801B4471030089E693 /* StoreViewController.swift */ = {isa = PBXFileReference; fileEncoding = 4; lastKnownFileType = sourcecode.swift; path = StoreViewController.swift; sourceTree = "<group>"; };
		1AAB47821B44714F0089E693 /* StoreCell.xib */ = {isa = PBXFileReference; fileEncoding = 4; lastKnownFileType = file.xib; path = StoreCell.xib; sourceTree = "<group>"; };
		1AAB47841B4471F40089E693 /* StoreCell.swift */ = {isa = PBXFileReference; fileEncoding = 4; lastKnownFileType = sourcecode.swift; path = StoreCell.swift; sourceTree = "<group>"; };
/* End PBXFileReference section */

/* Begin PBXFrameworksBuildPhase section */
		1AAB47561B4470C30089E693 /* Frameworks */ = {
			isa = PBXFrameworksBuildPhase;
			buildActionMask = 2147483647;
			files = (
			);
			runOnlyForDeploymentPostprocessing = 0;
		};
		1AAB476B1B4470C30089E693 /* Frameworks */ = {
			isa = PBXFrameworksBuildPhase;
			buildActionMask = 2147483647;
			files = (
			);
			runOnlyForDeploymentPostprocessing = 0;
		};
/* End PBXFrameworksBuildPhase section */

/* Begin PBXGroup section */
		1AAB47501B4470C30089E693 = {
			isa = PBXGroup;
			children = (
				1AAB475B1B4470C30089E693 /* DropInFlowLayout */,
				1AAB47711B4470C30089E693 /* DropInFlowLayoutTests */,
				1AAB475A1B4470C30089E693 /* Products */,
			);
			sourceTree = "<group>";
		};
		1AAB475A1B4470C30089E693 /* Products */ = {
			isa = PBXGroup;
			children = (
				1AAB47591B4470C30089E693 /* DropInFlowLayout.app */,
				1AAB476E1B4470C30089E693 /* DropInFlowLayoutTests.xctest */,
			);
			name = Products;
			sourceTree = "<group>";
		};
		1AAB475B1B4470C30089E693 /* DropInFlowLayout */ = {
			isa = PBXGroup;
			children = (
				1AAB477E1B4470EF0089E693 /* DropInFlowLayout.swift */,
				1AAB47841B4471F40089E693 /* StoreCell.swift */,
				1AAB47801B4471030089E693 /* StoreViewController.swift */,
				1AAB475E1B4470C30089E693 /* AppDelegate.swift */,
				1AAB47821B44714F0089E693 /* StoreCell.xib */,
				1AAB47621B4470C30089E693 /* Main.storyboard */,
				1AAB47651B4470C30089E693 /* Images.xcassets */,
				1AAB47671B4470C30089E693 /* LaunchScreen.xib */,
				1AAB475C1B4470C30089E693 /* Supporting Files */,
			);
			path = DropInFlowLayout;
			sourceTree = "<group>";
		};
		1AAB475C1B4470C30089E693 /* Supporting Files */ = {
			isa = PBXGroup;
			children = (
				1AAB475D1B4470C30089E693 /* Info.plist */,
			);
			name = "Supporting Files";
			sourceTree = "<group>";
		};
		1AAB47711B4470C30089E693 /* DropInFlowLayoutTests */ = {
			isa = PBXGroup;
			children = (
				1AAB47741B4470C30089E693 /* DropInFlowLayoutTests.swift */,
				1AAB47721B4470C30089E693 /* Supporting Files */,
			);
			path = DropInFlowLayoutTests;
			sourceTree = "<group>";
		};
		1AAB47721B4470C30089E693 /* Supporting Files */ = {
			isa = PBXGroup;
			children = (
				1AAB47731B4470C30089E693 /* Info.plist */,
			);
			name = "Supporting Files";
			sourceTree = "<group>";
		};
/* End PBXGroup section */

/* Begin PBXNativeTarget section */
		1AAB47581B4470C30089E693 /* DropInFlowLayout */ = {
			isa = PBXNativeTarget;
			buildConfigurationList = 1AAB47781B4470C30089E693 /* Build configuration list for PBXNativeTarget "DropInFlowLayout" */;
			buildPhases = (
				1AAB47551B4470C30089E693 /* Sources */,
				1AAB47561B4470C30089E693 /* Frameworks */,
				1AAB47571B4470C30089E693 /* Resources */,
			);
			buildRules = (
			);
			dependencies = (
			);
			name = DropInFlowLayout;
			productName = DropInFlowLayout;
			productReference = 1AAB47591B4470C30089E693 /* DropInFlowLayout.app */;
			productType = "com.apple.product-type.application";
		};
		1AAB476D1B4470C30089E693 /* DropInFlowLayoutTests */ = {
			isa = PBXNativeTarget;
			buildConfigurationList = 1AAB477B1B4470C30089E693 /* Build configuration list for PBXNativeTarget "DropInFlowLayoutTests" */;
			buildPhases = (
				1AAB476A1B4470C30089E693 /* Sources */,
				1AAB476B1B4470C30089E693 /* Frameworks */,
				1AAB476C1B4470C30089E693 /* Resources */,
			);
			buildRules = (
			);
			dependencies = (
				1AAB47701B4470C30089E693 /* PBXTargetDependency */,
			);
			name = DropInFlowLayoutTests;
			productName = DropInFlowLayoutTests;
			productReference = 1AAB476E1B4470C30089E693 /* DropInFlowLayoutTests.xctest */;
			productType = "com.apple.product-type.bundle.unit-test";
		};
/* End PBXNativeTarget section */

/* Begin PBXProject section */
		1AAB47511B4470C30089E693 /* Project object */ = {
			isa = PBXProject;
			attributes = {
				LastSwiftMigration = 0720;
				LastSwiftUpdateCheck = 0720;
				LastUpgradeCheck = 0630;
				ORGANIZATIONNAME = "James Tang";
				TargetAttributes = {
					1AAB47581B4470C30089E693 = {
						CreatedOnToolsVersion = 6.3.1;
					};
					1AAB476D1B4470C30089E693 = {
						CreatedOnToolsVersion = 6.3.1;
						TestTargetID = 1AAB47581B4470C30089E693;
					};
				};
			};
			buildConfigurationList = 1AAB47541B4470C30089E693 /* Build configuration list for PBXProject "DropInFlowLayout" */;
			compatibilityVersion = "Xcode 3.2";
			developmentRegion = English;
			hasScannedForEncodings = 0;
			knownRegions = (
				en,
				Base,
			);
			mainGroup = 1AAB47501B4470C30089E693;
			productRefGroup = 1AAB475A1B4470C30089E693 /* Products */;
			projectDirPath = "";
			projectRoot = "";
			targets = (
				1AAB47581B4470C30089E693 /* DropInFlowLayout */,
				1AAB476D1B4470C30089E693 /* DropInFlowLayoutTests */,
			);
		};
/* End PBXProject section */

/* Begin PBXResourcesBuildPhase section */
		1AAB47571B4470C30089E693 /* Resources */ = {
			isa = PBXResourcesBuildPhase;
			buildActionMask = 2147483647;
			files = (
				1AAB47641B4470C30089E693 /* Main.storyboard in Resources */,
				1AAB47691B4470C30089E693 /* LaunchScreen.xib in Resources */,
				1AAB47661B4470C30089E693 /* Images.xcassets in Resources */,
				1AAB47831B44714F0089E693 /* StoreCell.xib in Resources */,
			);
			runOnlyForDeploymentPostprocessing = 0;
		};
		1AAB476C1B4470C30089E693 /* Resources */ = {
			isa = PBXResourcesBuildPhase;
			buildActionMask = 2147483647;
			files = (
			);
			runOnlyForDeploymentPostprocessing = 0;
		};
/* End PBXResourcesBuildPhase section */

/* Begin PBXSourcesBuildPhase section */
		1AAB47551B4470C30089E693 /* Sources */ = {
			isa = PBXSourcesBuildPhase;
			buildActionMask = 2147483647;
			files = (
				1AAB47811B4471030089E693 /* StoreViewController.swift in Sources */,
				1AAB47851B4471F40089E693 /* StoreCell.swift in Sources */,
				1AAB475F1B4470C30089E693 /* AppDelegate.swift in Sources */,
				1AAB477F1B4470EF0089E693 /* DropInFlowLayout.swift in Sources */,
			);
			runOnlyForDeploymentPostprocessing = 0;
		};
		1AAB476A1B4470C30089E693 /* Sources */ = {
			isa = PBXSourcesBuildPhase;
			buildActionMask = 2147483647;
			files = (
				1AAB47751B4470C30089E693 /* DropInFlowLayoutTests.swift in Sources */,
			);
			runOnlyForDeploymentPostprocessing = 0;
		};
/* End PBXSourcesBuildPhase section */

/* Begin PBXTargetDependency section */
		1AAB47701B4470C30089E693 /* PBXTargetDependency */ = {
			isa = PBXTargetDependency;
			target = 1AAB47581B4470C30089E693 /* DropInFlowLayout */;
			targetProxy = 1AAB476F1B4470C30089E693 /* PBXContainerItemProxy */;
		};
/* End PBXTargetDependency section */

/* Begin PBXVariantGroup section */
		1AAB47621B4470C30089E693 /* Main.storyboard */ = {
			isa = PBXVariantGroup;
			children = (
				1AAB47631B4470C30089E693 /* Base */,
			);
			name = Main.storyboard;
			sourceTree = "<group>";
		};
		1AAB47671B4470C30089E693 /* LaunchScreen.xib */ = {
			isa = PBXVariantGroup;
			children = (
				1AAB47681B4470C30089E693 /* Base */,
			);
			name = LaunchScreen.xib;
			sourceTree = "<group>";
		};
/* End PBXVariantGroup section */

/* Begin XCBuildConfiguration section */
		1AAB47761B4470C30089E693 /* Debug */ = {
			isa = XCBuildConfiguration;
			buildSettings = {
				ALWAYS_SEARCH_USER_PATHS = NO;
				CLANG_CXX_LANGUAGE_STANDARD = "gnu++0x";
				CLANG_CXX_LIBRARY = "libc++";
				CLANG_ENABLE_MODULES = YES;
				CLANG_ENABLE_OBJC_ARC = YES;
				CLANG_WARN_BOOL_CONVERSION = YES;
				CLANG_WARN_CONSTANT_CONVERSION = YES;
				CLANG_WARN_DIRECT_OBJC_ISA_USAGE = YES_ERROR;
				CLANG_WARN_EMPTY_BODY = YES;
				CLANG_WARN_ENUM_CONVERSION = YES;
				CLANG_WARN_INT_CONVERSION = YES;
				CLANG_WARN_OBJC_ROOT_CLASS = YES_ERROR;
				CLANG_WARN_UNREACHABLE_CODE = YES;
				CLANG_WARN__DUPLICATE_METHOD_MATCH = YES;
				"CODE_SIGN_IDENTITY[sdk=iphoneos*]" = "iPhone Developer";
				COPY_PHASE_STRIP = NO;
				DEBUG_INFORMATION_FORMAT = "dwarf-with-dsym";
				ENABLE_STRICT_OBJC_MSGSEND = YES;
				GCC_C_LANGUAGE_STANDARD = gnu99;
				GCC_DYNAMIC_NO_PIC = NO;
				GCC_NO_COMMON_BLOCKS = YES;
				GCC_OPTIMIZATION_LEVEL = 0;
				GCC_PREPROCESSOR_DEFINITIONS = (
					"DEBUG=1",
					"$(inherited)",
				);
				GCC_SYMBOLS_PRIVATE_EXTERN = NO;
				GCC_WARN_64_TO_32_BIT_CONVERSION = YES;
				GCC_WARN_ABOUT_RETURN_TYPE = YES_ERROR;
				GCC_WARN_UNDECLARED_SELECTOR = YES;
				GCC_WARN_UNINITIALIZED_AUTOS = YES_AGGRESSIVE;
				GCC_WARN_UNUSED_FUNCTION = YES;
				GCC_WARN_UNUSED_VARIABLE = YES;
				IPHONEOS_DEPLOYMENT_TARGET = 8.3;
				MTL_ENABLE_DEBUG_INFO = YES;
				ONLY_ACTIVE_ARCH = YES;
				SDKROOT = iphoneos;
				SWIFT_OPTIMIZATION_LEVEL = "-Onone";
			};
			name = Debug;
		};
		1AAB47771B4470C30089E693 /* Release */ = {
			isa = XCBuildConfiguration;
			buildSettings = {
				ALWAYS_SEARCH_USER_PATHS = NO;
				CLANG_CXX_LANGUAGE_STANDARD = "gnu++0x";
				CLANG_CXX_LIBRARY = "libc++";
				CLANG_ENABLE_MODULES = YES;
				CLANG_ENABLE_OBJC_ARC = YES;
				CLANG_WARN_BOOL_CONVERSION = YES;
				CLANG_WARN_CONSTANT_CONVERSION = YES;
				CLANG_WARN_DIRECT_OBJC_ISA_USAGE = YES_ERROR;
				CLANG_WARN_EMPTY_BODY = YES;
				CLANG_WARN_ENUM_CONVERSION = YES;
				CLANG_WARN_INT_CONVERSION = YES;
				CLANG_WARN_OBJC_ROOT_CLASS = YES_ERROR;
				CLANG_WARN_UNREACHABLE_CODE = YES;
				CLANG_WARN__DUPLICATE_METHOD_MATCH = YES;
				"CODE_SIGN_IDENTITY[sdk=iphoneos*]" = "iPhone Developer";
				COPY_PHASE_STRIP = NO;
				DEBUG_INFORMATION_FORMAT = "dwarf-with-dsym";
				ENABLE_NS_ASSERTIONS = NO;
				ENABLE_STRICT_OBJC_MSGSEND = YES;
				GCC_C_LANGUAGE_STANDARD = gnu99;
				GCC_NO_COMMON_BLOCKS = YES;
				GCC_WARN_64_TO_32_BIT_CONVERSION = YES;
				GCC_WARN_ABOUT_RETURN_TYPE = YES_ERROR;
				GCC_WARN_UNDECLARED_SELECTOR = YES;
				GCC_WARN_UNINITIALIZED_AUTOS = YES_AGGRESSIVE;
				GCC_WARN_UNUSED_FUNCTION = YES;
				GCC_WARN_UNUSED_VARIABLE = YES;
				IPHONEOS_DEPLOYMENT_TARGET = 8.3;
				MTL_ENABLE_DEBUG_INFO = NO;
				SDKROOT = iphoneos;
				VALIDATE_PRODUCT = YES;
			};
			name = Release;
		};
		1AAB47791B4470C30089E693 /* Debug */ = {
			isa = XCBuildConfiguration;
			buildSettings = {
				ASSETCATALOG_COMPILER_APPICON_NAME = AppIcon;
				INFOPLIST_FILE = DropInFlowLayout/Info.plist;
				LD_RUNPATH_SEARCH_PATHS = "$(inherited) @executable_path/Frameworks";
				PRODUCT_NAME = "$(TARGET_NAME)";
			};
			name = Debug;
		};
		1AAB477A1B4470C30089E693 /* Release */ = {
			isa = XCBuildConfiguration;
			buildSettings = {
				ASSETCATALOG_COMPILER_APPICON_NAME = AppIcon;
				INFOPLIST_FILE = DropInFlowLayout/Info.plist;
				LD_RUNPATH_SEARCH_PATHS = "$(inherited) @executable_path/Frameworks";
				PRODUCT_NAME = "$(TARGET_NAME)";
			};
			name = Release;
		};
		1AAB477C1B4470C30089E693 /* Debug */ = {
			isa = XCBuildConfiguration;
			buildSettings = {
				BUNDLE_LOADER = "$(TEST_HOST)";
				FRAMEWORK_SEARCH_PATHS = (
					"$(SDKROOT)/Developer/Library/Frameworks",
					"$(inherited)",
				);
				GCC_PREPROCESSOR_DEFINITIONS = (
					"DEBUG=1",
					"$(inherited)",
				);
				INFOPLIST_FILE = DropInFlowLayoutTests/Info.plist;
				LD_RUNPATH_SEARCH_PATHS = "$(inherited) @executable_path/Frameworks @loader_path/Frameworks";
				PRODUCT_NAME = "$(TARGET_NAME)";
				TEST_HOST = "$(BUILT_PRODUCTS_DIR)/DropInFlowLayout.app/DropInFlowLayout";
			};
			name = Debug;
		};
		1AAB477D1B4470C30089E693 /* Release */ = {
			isa = XCBuildConfiguration;
			buildSettings = {
				BUNDLE_LOADER = "$(TEST_HOST)";
				FRAMEWORK_SEARCH_PATHS = (
					"$(SDKROOT)/Developer/Library/Frameworks",
					"$(inherited)",
				);
				INFOPLIST_FILE = DropInFlowLayoutTests/Info.plist;
				LD_RUNPATH_SEARCH_PATHS = "$(inherited) @executable_path/Frameworks @loader_path/Frameworks";
				PRODUCT_NAME = "$(TARGET_NAME)";
				TEST_HOST = "$(BUILT_PRODUCTS_DIR)/DropInFlowLayout.app/DropInFlowLayout";
			};
			name = Release;
		};
/* End XCBuildConfiguration section */

/* Begin XCConfigurationList section */
		1AAB47541B4470C30089E693 /* Build configuration list for PBXProject "DropInFlowLayout" */ = {
			isa = XCConfigurationList;
			buildConfigurations = (
				1AAB47761B4470C30089E693 /* Debug */,
				1AAB47771B4470C30089E693 /* Release */,
			);
			defaultConfigurationIsVisible = 0;
			defaultConfigurationName = Release;
		};
		1AAB47781B4470C30089E693 /* Build configuration list for PBXNativeTarget "DropInFlowLayout" */ = {
			isa = XCConfigurationList;
			buildConfigurations = (
				1AAB47791B4470C30089E693 /* Debug */,
				1AAB477A1B4470C30089E693 /* Release */,
			);
			defaultConfigurationIsVisible = 0;
			defaultConfigurationName = Release;
		};
		1AAB477B1B4470C30089E693 /* Build configuration list for PBXNativeTarget "DropInFlowLayoutTests" */ = {
			isa = XCConfigurationList;
			buildConfigurations = (
				1AAB477C1B4470C30089E693 /* Debug */,
				1AAB477D1B4470C30089E693 /* Release */,
			);
			defaultConfigurationIsVisible = 0;
			defaultConfigurationName = Release;
		};
/* End XCConfigurationList section */
	};
	rootObject = 1AAB47511B4470C30089E693 /* Project object */;
}
